
Microsoft Visual Studio Solution File, Format Version 12.00
# Visual Studio Version 16
VisualStudioVersion = 16.0.31112.23
MinimumVisualStudioVersion = 10.0.40219.1
Project("{FAE04EC0-301F-11D3-BF4B-00C04F79EFBC}") = "TestCarAuction", "TestCarAuction\TestCarAuction.csproj", "{335E0537-F969-4103-8E67-E9213B3151E4}"
EndProject
Global
	GlobalSection(SolutionConfigurationPlatforms) = preSolution
		Debug|Any CPU = Debug|Any CPU
		Release|Any CPU = Release|Any CPU
	EndGlobalSection
	GlobalSection(ProjectConfigurationPlatforms) = postSolution
		{335E0537-F969-4103-8E67-E9213B3151E4}.Debug|Any CPU.ActiveCfg = Debug|Any CPU
		{335E0537-F969-4103-8E67-E9213B3151E4}.Debug|Any CPU.Build.0 = Debug|Any CPU
		{335E0537-F969-4103-8E67-E9213B3151E4}.Release|Any CPU.ActiveCfg = Release|Any CPU
		{335E0537-F969-4103-8E67-E9213B3151E4}.Release|Any CPU.Build.0 = Release|Any CPU
	EndGlobalSection
	GlobalSection(SolutionProperties) = preSolution
		HideSolutionNode = FALSE
	EndGlobalSection
	GlobalSection(ExtensibilityGlobals) = postSolution
		SolutionGuid = {087C4F3B-C3EA-4B68-8D69-AAB0FFF72F13}
	EndGlobalSection
EndGlobal
